
Microsoft Visual Studio Solution File, Format Version 12.00
# Visual Studio Version 17
VisualStudioVersion = 17.1.32421.90
MinimumVisualStudioVersion = 10.0.40219.1
Project("{FAE04EC0-301F-11D3-BF4B-00C04F79EFBC}") = "VariablesDemo1", "VariablesDemo1\VariablesDemo1.csproj", "{6A2B492F-BBEA-49CC-A192-4B3B44E21916}"
EndProject
Project("{FAE04EC0-301F-11D3-BF4B-00C04F79EFBC}") = "StringDemo1", "StringDemo1\StringDemo1.csproj", "{E1366D5F-4595-4950-963E-9F6A9DDAE217}"
EndProject
Project("{FAE04EC0-301F-11D3-BF4B-00C04F79EFBC}") = "VariablesSummary", "VariablesSummary\VariablesSummary.csproj", "{673B46DE-8D84-4154-931E-9249E4EDD1F5}"
EndProject
Project("{FAE04EC0-301F-11D3-BF4B-00C04F79EFBC}") = "Conditionals", "Conditionals\Conditionals.csproj", "{D87F915A-9BCA-43A1-B7C3-D6B3CD851FBD}"
EndProject
Project("{FAE04EC0-301F-11D3-BF4B-00C04F79EFBC}") = "RoomCalculator", "RoomCalculator\RoomCalculator.csproj", "{F44F5413-9258-4D64-A1A7-771FAFC76DBB}"
EndProject
Project("{2150E333-8FDC-42A3-9474-1A3956D46DE8}") = "Solution Items", "Solution Items", "{75FB96EA-98A1-44EF-972E-2CE962C258FE}"
	ProjectSection(SolutionItems) = preProject
		.gitignore = .gitignore
	EndProjectSection
EndProject
Project("{FAE04EC0-301F-11D3-BF4B-00C04F79EFBC}") = "LoopDemo1", "LoopDemo1\LoopDemo1.csproj", "{A70D1EAF-4B12-4DB7-9F21-B57A647C97C6}"
EndProject
Project("{FAE04EC0-301F-11D3-BF4B-00C04F79EFBC}") = "GoAgain", "GoAgain\GoAgain.csproj", "{6F43EF19-64AE-4674-8206-56CB1D09E0EC}"
EndProject
Global
	GlobalSection(SolutionConfigurationPlatforms) = preSolution
		Debug|Any CPU = Debug|Any CPU
		Release|Any CPU = Release|Any CPU
	EndGlobalSection
	GlobalSection(ProjectConfigurationPlatforms) = postSolution
		{6A2B492F-BBEA-49CC-A192-4B3B44E21916}.Debug|Any CPU.ActiveCfg = Debug|Any CPU
		{6A2B492F-BBEA-49CC-A192-4B3B44E21916}.Debug|Any CPU.Build.0 = Debug|Any CPU
		{6A2B492F-BBEA-49CC-A192-4B3B44E21916}.Release|Any CPU.ActiveCfg = Release|Any CPU
		{6A2B492F-BBEA-49CC-A192-4B3B44E21916}.Release|Any CPU.Build.0 = Release|Any CPU
		{E1366D5F-4595-4950-963E-9F6A9DDAE217}.Debug|Any CPU.ActiveCfg = Debug|Any CPU
		{E1366D5F-4595-4950-963E-9F6A9DDAE217}.Debug|Any CPU.Build.0 = Debug|Any CPU
		{E1366D5F-4595-4950-963E-9F6A9DDAE217}.Release|Any CPU.ActiveCfg = Release|Any CPU
		{E1366D5F-4595-4950-963E-9F6A9DDAE217}.Release|Any CPU.Build.0 = Release|Any CPU
		{673B46DE-8D84-4154-931E-9249E4EDD1F5}.Debug|Any CPU.ActiveCfg = Debug|Any CPU
		{673B46DE-8D84-4154-931E-9249E4EDD1F5}.Debug|Any CPU.Build.0 = Debug|Any CPU
		{673B46DE-8D84-4154-931E-9249E4EDD1F5}.Release|Any CPU.ActiveCfg = Release|Any CPU
		{673B46DE-8D84-4154-931E-9249E4EDD1F5}.Release|Any CPU.Build.0 = Release|Any CPU
		{D87F915A-9BCA-43A1-B7C3-D6B3CD851FBD}.Debug|Any CPU.ActiveCfg = Debug|Any CPU
		{D87F915A-9BCA-43A1-B7C3-D6B3CD851FBD}.Debug|Any CPU.Build.0 = Debug|Any CPU
		{D87F915A-9BCA-43A1-B7C3-D6B3CD851FBD}.Release|Any CPU.ActiveCfg = Release|Any CPU
		{D87F915A-9BCA-43A1-B7C3-D6B3CD851FBD}.Release|Any CPU.Build.0 = Release|Any CPU
		{F44F5413-9258-4D64-A1A7-771FAFC76DBB}.Debug|Any CPU.ActiveCfg = Debug|Any CPU
		{F44F5413-9258-4D64-A1A7-771FAFC76DBB}.Debug|Any CPU.Build.0 = Debug|Any CPU
		{F44F5413-9258-4D64-A1A7-771FAFC76DBB}.Release|Any CPU.ActiveCfg = Release|Any CPU
		{F44F5413-9258-4D64-A1A7-771FAFC76DBB}.Release|Any CPU.Build.0 = Release|Any CPU
		{A70D1EAF-4B12-4DB7-9F21-B57A647C97C6}.Debug|Any CPU.ActiveCfg = Debug|Any CPU
		{A70D1EAF-4B12-4DB7-9F21-B57A647C97C6}.Debug|Any CPU.Build.0 = Debug|Any CPU
		{A70D1EAF-4B12-4DB7-9F21-B57A647C97C6}.Release|Any CPU.ActiveCfg = Release|Any CPU
		{A70D1EAF-4B12-4DB7-9F21-B57A647C97C6}.Release|Any CPU.Build.0 = Release|Any CPU
		{6F43EF19-64AE-4674-8206-56CB1D09E0EC}.Debug|Any CPU.ActiveCfg = Debug|Any CPU
		{6F43EF19-64AE-4674-8206-56CB1D09E0EC}.Debug|Any CPU.Build.0 = Debug|Any CPU
		{6F43EF19-64AE-4674-8206-56CB1D09E0EC}.Release|Any CPU.ActiveCfg = Release|Any CPU
		{6F43EF19-64AE-4674-8206-56CB1D09E0EC}.Release|Any CPU.Build.0 = Release|Any CPU
	EndGlobalSection
	GlobalSection(SolutionProperties) = preSolution
		HideSolutionNode = FALSE
	EndGlobalSection
	GlobalSection(ExtensibilityGlobals) = postSolution
		SolutionGuid = {47921D51-754D-41D4-86C9-796B37EF1955}
	EndGlobalSection
EndGlobal
